// !$*UTF8*$!
{
	archiveVersion = 1;
	classes = {
	};
	objectVersion = 46;
	objects = {

/* Begin PBXBuildFile section */
		3BCF0D6919FACEE500B722EC /* main.m in Sources */ = {isa = PBXBuildFile; fileRef = 3BCF0D6819FACEE500B722EC /* main.m */; };
		3BCF0D6C19FACEE500B722EC /* AppDelegate.m in Sources */ = {isa = PBXBuildFile; fileRef = 3BCF0D6B19FACEE500B722EC /* AppDelegate.m */; };
		3BCF0D6F19FACEE500B722EC /* ViewController.m in Sources */ = {isa = PBXBuildFile; fileRef = 3BCF0D6E19FACEE500B722EC /* ViewController.m */; };
		3BCF0D7219FACEE500B722EC /* Main.storyboard in Resources */ = {isa = PBXBuildFile; fileRef = 3BCF0D7019FACEE500B722EC /* Main.storyboard */; };
		3BCF0D7419FACEE500B722EC /* Images.xcassets in Resources */ = {isa = PBXBuildFile; fileRef = 3BCF0D7319FACEE500B722EC /* Images.xcassets */; };
		3BCF0D7719FACEE500B722EC /* LaunchScreen.xib in Resources */ = {isa = PBXBuildFile; fileRef = 3BCF0D7519FACEE500B722EC /* LaunchScreen.xib */; };
		3BCF0D8319FACEE500B722EC /* EDOpenURLCategoryExampleAppTests.m in Sources */ = {isa = PBXBuildFile; fileRef = 3BCF0D8219FACEE500B722EC /* EDOpenURLCategoryExampleAppTests.m */; };
		3BCF0D8F19FAD4E000B722EC /* EDOpenURLCategoryTests.m in Sources */ = {isa = PBXBuildFile; fileRef = 3BCF0D8C19FAD4A000B722EC /* EDOpenURLCategoryTests.m */; };
		6003F5B0195388D20070C39A /* XCTest.framework in Frameworks */ = {isa = PBXBuildFile; fileRef = 6003F5AF195388D20070C39A /* XCTest.framework */; };
		6003F5B1195388D20070C39A /* Foundation.framework in Frameworks */ = {isa = PBXBuildFile; fileRef = 6003F58D195388D20070C39A /* Foundation.framework */; };
		6003F5B2195388D20070C39A /* UIKit.framework in Frameworks */ = {isa = PBXBuildFile; fileRef = 6003F591195388D20070C39A /* UIKit.framework */; };
		6003F5BA195388D20070C39A /* InfoPlist.strings in Resources */ = {isa = PBXBuildFile; fileRef = 6003F5B8195388D20070C39A /* InfoPlist.strings */; };
		7632D32995BDE4F614CD32F3 /* libPods-EDOpenURLCategory.a in Frameworks */ = {isa = PBXBuildFile; fileRef = F6CFA5EAA8193CD7D5E3F553 /* libPods-EDOpenURLCategory.a */; };
/* End PBXBuildFile section */

/* Begin PBXContainerItemProxy section */
		3BCF0D7D19FACEE500B722EC /* PBXContainerItemProxy */ = {
			isa = PBXContainerItemProxy;
			containerPortal = 6003F582195388D10070C39A /* Project object */;
			proxyType = 1;
			remoteGlobalIDString = 3BCF0D6319FACEE500B722EC;
			remoteInfo = EDOpenURLCategoryExampleApp;
		};
/* End PBXContainerItemProxy section */

/* Begin PBXFileReference section */
		19369EAD5BA3D69C97CF199E /* Pods-EDOpenURLCategory.debug.xcconfig */ = {isa = PBXFileReference; includeInIndex = 1; lastKnownFileType = text.xcconfig; name = "Pods-EDOpenURLCategory.debug.xcconfig"; path = "Pods/Target Support Files/Pods-EDOpenURLCategory/Pods-EDOpenURLCategory.debug.xcconfig"; sourceTree = "<group>"; };
		3BCF0D6419FACEE500B722EC /* EDOpenURLCategoryExampleApp.app */ = {isa = PBXFileReference; explicitFileType = wrapper.application; includeInIndex = 0; path = EDOpenURLCategoryExampleApp.app; sourceTree = BUILT_PRODUCTS_DIR; };
		3BCF0D6719FACEE500B722EC /* Info.plist */ = {isa = PBXFileReference; lastKnownFileType = text.plist.xml; path = Info.plist; sourceTree = "<group>"; };
		3BCF0D6819FACEE500B722EC /* main.m */ = {isa = PBXFileReference; lastKnownFileType = sourcecode.c.objc; path = main.m; sourceTree = "<group>"; };
		3BCF0D6A19FACEE500B722EC /* AppDelegate.h */ = {isa = PBXFileReference; lastKnownFileType = sourcecode.c.h; path = AppDelegate.h; sourceTree = "<group>"; };
		3BCF0D6B19FACEE500B722EC /* AppDelegate.m */ = {isa = PBXFileReference; lastKnownFileType = sourcecode.c.objc; path = AppDelegate.m; sourceTree = "<group>"; };
		3BCF0D6D19FACEE500B722EC /* ViewController.h */ = {isa = PBXFileReference; lastKnownFileType = sourcecode.c.h; path = ViewController.h; sourceTree = "<group>"; };
		3BCF0D6E19FACEE500B722EC /* ViewController.m */ = {isa = PBXFileReference; lastKnownFileType = sourcecode.c.objc; path = ViewController.m; sourceTree = "<group>"; };
		3BCF0D7119FACEE500B722EC /* Base */ = {isa = PBXFileReference; lastKnownFileType = file.storyboard; name = Base; path = Base.lproj/Main.storyboard; sourceTree = "<group>"; };
		3BCF0D7319FACEE500B722EC /* Images.xcassets */ = {isa = PBXFileReference; lastKnownFileType = folder.assetcatalog; path = Images.xcassets; sourceTree = "<group>"; };
		3BCF0D7619FACEE500B722EC /* Base */ = {isa = PBXFileReference; lastKnownFileType = file.xib; name = Base; path = Base.lproj/LaunchScreen.xib; sourceTree = "<group>"; };
		3BCF0D7C19FACEE500B722EC /* EDOpenURLCategoryExampleAppTests.xctest */ = {isa = PBXFileReference; explicitFileType = wrapper.cfbundle; includeInIndex = 0; path = EDOpenURLCategoryExampleAppTests.xctest; sourceTree = BUILT_PRODUCTS_DIR; };
		3BCF0D8119FACEE500B722EC /* Info.plist */ = {isa = PBXFileReference; lastKnownFileType = text.plist.xml; path = Info.plist; sourceTree = "<group>"; };
		3BCF0D8219FACEE500B722EC /* EDOpenURLCategoryExampleAppTests.m */ = {isa = PBXFileReference; lastKnownFileType = sourcecode.c.objc; path = EDOpenURLCategoryExampleAppTests.m; sourceTree = "<group>"; };
		3BCF0D8A19FACF2500B722EC /* libPods-EDOpenURLCategory.a */ = {isa = PBXFileReference; lastKnownFileType = archive.ar; name = "libPods-EDOpenURLCategory.a"; path = "Pods/build/Debug-iphoneos/libPods-EDOpenURLCategory.a"; sourceTree = "<group>"; };
		3BCF0D8C19FAD4A000B722EC /* EDOpenURLCategoryTests.m */ = {isa = PBXFileReference; fileEncoding = 4; lastKnownFileType = sourcecode.c.objc; path = EDOpenURLCategoryTests.m; sourceTree = "<group>"; };
		48156E7FEEB7E16CA3EF9347 /* Pods-EDOpenURLCategoryExampleApp.release.xcconfig */ = {isa = PBXFileReference; includeInIndex = 1; lastKnownFileType = text.xcconfig; name = "Pods-EDOpenURLCategoryExampleApp.release.xcconfig"; path = "Pods/Target Support Files/Pods-EDOpenURLCategoryExampleApp/Pods-EDOpenURLCategoryExampleApp.release.xcconfig"; sourceTree = "<group>"; };
		6003F58A195388D20070C39A /* EDOpenURLCategory.app */ = {isa = PBXFileReference; explicitFileType = wrapper.application; includeInIndex = 0; path = EDOpenURLCategory.app; sourceTree = BUILT_PRODUCTS_DIR; };
		6003F58D195388D20070C39A /* Foundation.framework */ = {isa = PBXFileReference; lastKnownFileType = wrapper.framework; name = Foundation.framework; path = System/Library/Frameworks/Foundation.framework; sourceTree = SDKROOT; };
		6003F58F195388D20070C39A /* CoreGraphics.framework */ = {isa = PBXFileReference; lastKnownFileType = wrapper.framework; name = CoreGraphics.framework; path = System/Library/Frameworks/CoreGraphics.framework; sourceTree = SDKROOT; };
		6003F591195388D20070C39A /* UIKit.framework */ = {isa = PBXFileReference; lastKnownFileType = wrapper.framework; name = UIKit.framework; path = System/Library/Frameworks/UIKit.framework; sourceTree = SDKROOT; };
		6003F5AE195388D20070C39A /* Tests.xctest */ = {isa = PBXFileReference; explicitFileType = wrapper.cfbundle; includeInIndex = 0; name = Tests.xctest; path = EDOpenURLCategory.xctest; sourceTree = BUILT_PRODUCTS_DIR; };
		6003F5AF195388D20070C39A /* XCTest.framework */ = {isa = PBXFileReference; lastKnownFileType = wrapper.framework; name = XCTest.framework; path = Library/Frameworks/XCTest.framework; sourceTree = DEVELOPER_DIR; };
		6003F5B7195388D20070C39A /* Tests-Info.plist */ = {isa = PBXFileReference; lastKnownFileType = text.plist.xml; path = "Tests-Info.plist"; sourceTree = "<group>"; };
		6003F5B9195388D20070C39A /* en */ = {isa = PBXFileReference; lastKnownFileType = text.plist.strings; name = en; path = en.lproj/InfoPlist.strings; sourceTree = "<group>"; };
		606FC2411953D9B200FFA9A0 /* Tests-Prefix.pch */ = {isa = PBXFileReference; lastKnownFileType = sourcecode.c.h; path = "Tests-Prefix.pch"; sourceTree = "<group>"; };
		A1A1D3EEF3DF79F502F944BF /* Pods-EDOpenURLCategory.release.xcconfig */ = {isa = PBXFileReference; includeInIndex = 1; lastKnownFileType = text.xcconfig; name = "Pods-EDOpenURLCategory.release.xcconfig"; path = "Pods/Target Support Files/Pods-EDOpenURLCategory/Pods-EDOpenURLCategory.release.xcconfig"; sourceTree = "<group>"; };
		C881A71CC606C651D81C6D24 /* LICENSE */ = {isa = PBXFileReference; includeInIndex = 1; lastKnownFileType = text; name = LICENSE; path = ../LICENSE; sourceTree = "<group>"; };
		CAA6D1CC83FEA5891F940A2C /* libPods-EDOpenURLCategoryExampleApp.a */ = {isa = PBXFileReference; explicitFileType = archive.ar; includeInIndex = 0; path = "libPods-EDOpenURLCategoryExampleApp.a"; sourceTree = BUILT_PRODUCTS_DIR; };
		CD3DB0E25CEA05DA9EAEDABE /* Pods-EDOpenURLCategoryExampleApp.debug.xcconfig */ = {isa = PBXFileReference; includeInIndex = 1; lastKnownFileType = text.xcconfig; name = "Pods-EDOpenURLCategoryExampleApp.debug.xcconfig"; path = "Pods/Target Support Files/Pods-EDOpenURLCategoryExampleApp/Pods-EDOpenURLCategoryExampleApp.debug.xcconfig"; sourceTree = "<group>"; };
		DB28A31D412ABFF9D9AAB7A2 /* README.md */ = {isa = PBXFileReference; includeInIndex = 1; lastKnownFileType = net.daringfireball.markdown; name = README.md; path = ../README.md; sourceTree = "<group>"; };
		DE87219BF2E1D8A393A83634 /* EDOpenURLCategory.podspec */ = {isa = PBXFileReference; includeInIndex = 1; lastKnownFileType = text; name = EDOpenURLCategory.podspec; path = ../EDOpenURLCategory.podspec; sourceTree = "<group>"; };
		F6CFA5EAA8193CD7D5E3F553 /* libPods-EDOpenURLCategory.a */ = {isa = PBXFileReference; explicitFileType = archive.ar; includeInIndex = 0; path = "libPods-EDOpenURLCategory.a"; sourceTree = BUILT_PRODUCTS_DIR; };
/* End PBXFileReference section */

/* Begin PBXFrameworksBuildPhase section */
		3BCF0D6119FACEE500B722EC /* Frameworks */ = {
			isa = PBXFrameworksBuildPhase;
			buildActionMask = 2147483647;
			files = (
			);
			runOnlyForDeploymentPostprocessing = 0;
		};
		3BCF0D7919FACEE500B722EC /* Frameworks */ = {
			isa = PBXFrameworksBuildPhase;
			buildActionMask = 2147483647;
			files = (
			);
			runOnlyForDeploymentPostprocessing = 0;
		};
		6003F5AB195388D20070C39A /* Frameworks */ = {
			isa = PBXFrameworksBuildPhase;
			buildActionMask = 2147483647;
			files = (
				6003F5B0195388D20070C39A /* XCTest.framework in Frameworks */,
				6003F5B2195388D20070C39A /* UIKit.framework in Frameworks */,
				6003F5B1195388D20070C39A /* Foundation.framework in Frameworks */,
				7632D32995BDE4F614CD32F3 /* libPods-EDOpenURLCategory.a in Frameworks */,
			);
			runOnlyForDeploymentPostprocessing = 0;
		};
/* End PBXFrameworksBuildPhase section */

/* Begin PBXGroup section */
		3BCF0D6519FACEE500B722EC /* EDOpenURLCategoryExampleApp */ = {
			isa = PBXGroup;
			children = (
				3BCF0D6A19FACEE500B722EC /* AppDelegate.h */,
				3BCF0D6B19FACEE500B722EC /* AppDelegate.m */,
				3BCF0D6D19FACEE500B722EC /* ViewController.h */,
				3BCF0D6E19FACEE500B722EC /* ViewController.m */,
				3BCF0D7019FACEE500B722EC /* Main.storyboard */,
				3BCF0D7319FACEE500B722EC /* Images.xcassets */,
				3BCF0D7519FACEE500B722EC /* LaunchScreen.xib */,
				3BCF0D6619FACEE500B722EC /* Supporting Files */,
			);
			path = EDOpenURLCategoryExampleApp;
			sourceTree = "<group>";
		};
		3BCF0D6619FACEE500B722EC /* Supporting Files */ = {
			isa = PBXGroup;
			children = (
				3BCF0D6719FACEE500B722EC /* Info.plist */,
				3BCF0D6819FACEE500B722EC /* main.m */,
			);
			name = "Supporting Files";
			sourceTree = "<group>";
		};
		3BCF0D7F19FACEE500B722EC /* EDOpenURLCategoryExampleAppTests */ = {
			isa = PBXGroup;
			children = (
				3BCF0D8219FACEE500B722EC /* EDOpenURLCategoryExampleAppTests.m */,
				3BCF0D8019FACEE500B722EC /* Supporting Files */,
			);
			path = EDOpenURLCategoryExampleAppTests;
			sourceTree = "<group>";
		};
		3BCF0D8019FACEE500B722EC /* Supporting Files */ = {
			isa = PBXGroup;
			children = (
				3BCF0D8119FACEE500B722EC /* Info.plist */,
			);
			name = "Supporting Files";
			sourceTree = "<group>";
		};
		55AF14BC7EBBF5716FE8F9E3 /* Pods */ = {
			isa = PBXGroup;
			children = (
				19369EAD5BA3D69C97CF199E /* Pods-EDOpenURLCategory.debug.xcconfig */,
				A1A1D3EEF3DF79F502F944BF /* Pods-EDOpenURLCategory.release.xcconfig */,
				CD3DB0E25CEA05DA9EAEDABE /* Pods-EDOpenURLCategoryExampleApp.debug.xcconfig */,
				48156E7FEEB7E16CA3EF9347 /* Pods-EDOpenURLCategoryExampleApp.release.xcconfig */,
			);
			name = Pods;
			sourceTree = "<group>";
		};
		6003F581195388D10070C39A = {
			isa = PBXGroup;
			children = (
				60FF7A9C1954A5C5007DD14C /* Podspec Metadata */,
				6003F5B5195388D20070C39A /* Tests */,
				3BCF0D6519FACEE500B722EC /* EDOpenURLCategoryExampleApp */,
				3BCF0D7F19FACEE500B722EC /* EDOpenURLCategoryExampleAppTests */,
				6003F58C195388D20070C39A /* Frameworks */,
				6003F58B195388D20070C39A /* Products */,
				55AF14BC7EBBF5716FE8F9E3 /* Pods */,
			);
			sourceTree = "<group>";
		};
		6003F58B195388D20070C39A /* Products */ = {
			isa = PBXGroup;
			children = (
				6003F58A195388D20070C39A /* EDOpenURLCategory.app */,
				6003F5AE195388D20070C39A /* Tests.xctest */,
				3BCF0D6419FACEE500B722EC /* EDOpenURLCategoryExampleApp.app */,
				3BCF0D7C19FACEE500B722EC /* EDOpenURLCategoryExampleAppTests.xctest */,
			);
			name = Products;
			sourceTree = "<group>";
		};
		6003F58C195388D20070C39A /* Frameworks */ = {
			isa = PBXGroup;
			children = (
				3BCF0D8A19FACF2500B722EC /* libPods-EDOpenURLCategory.a */,
				6003F58D195388D20070C39A /* Foundation.framework */,
				6003F58F195388D20070C39A /* CoreGraphics.framework */,
				6003F591195388D20070C39A /* UIKit.framework */,
				6003F5AF195388D20070C39A /* XCTest.framework */,
				F6CFA5EAA8193CD7D5E3F553 /* libPods-EDOpenURLCategory.a */,
				CAA6D1CC83FEA5891F940A2C /* libPods-EDOpenURLCategoryExampleApp.a */,
			);
			name = Frameworks;
			sourceTree = "<group>";
		};
		6003F5B5195388D20070C39A /* Tests */ = {
			isa = PBXGroup;
			children = (
				6003F5B6195388D20070C39A /* Supporting Files */,
				3BCF0D8C19FAD4A000B722EC /* EDOpenURLCategoryTests.m */,
			);
			path = Tests;
			sourceTree = "<group>";
		};
		6003F5B6195388D20070C39A /* Supporting Files */ = {
			isa = PBXGroup;
			children = (
				6003F5B7195388D20070C39A /* Tests-Info.plist */,
				6003F5B8195388D20070C39A /* InfoPlist.strings */,
				606FC2411953D9B200FFA9A0 /* Tests-Prefix.pch */,
			);
			name = "Supporting Files";
			sourceTree = "<group>";
		};
		60FF7A9C1954A5C5007DD14C /* Podspec Metadata */ = {
			isa = PBXGroup;
			children = (
				DE87219BF2E1D8A393A83634 /* EDOpenURLCategory.podspec */,
				DB28A31D412ABFF9D9AAB7A2 /* README.md */,
				C881A71CC606C651D81C6D24 /* LICENSE */,
			);
			name = "Podspec Metadata";
			sourceTree = "<group>";
		};
/* End PBXGroup section */

/* Begin PBXHeadersBuildPhase section */
		3BCF0D2A19FAC27F00B722EC /* Headers */ = {
			isa = PBXHeadersBuildPhase;
			buildActionMask = 2147483647;
			files = (
			);
			runOnlyForDeploymentPostprocessing = 0;
		};
/* End PBXHeadersBuildPhase section */

/* Begin PBXNativeTarget section */
		3BCF0D6319FACEE500B722EC /* EDOpenURLCategoryExampleApp */ = {
			isa = PBXNativeTarget;
			buildConfigurationList = 3BCF0D8819FACEE500B722EC /* Build configuration list for PBXNativeTarget "EDOpenURLCategoryExampleApp" */;
			buildPhases = (
				EF52474E032A84D775746686 /* Check Pods Manifest.lock */,
				3BCF0D6019FACEE500B722EC /* Sources */,
				3BCF0D6119FACEE500B722EC /* Frameworks */,
				3BCF0D6219FACEE500B722EC /* Resources */,
				CA8BA8C2900461976FB48656 /* Copy Pods Resources */,
			);
			buildRules = (
			);
			dependencies = (
			);
			name = EDOpenURLCategoryExampleApp;
			productName = EDOpenURLCategoryExampleApp;
			productReference = 3BCF0D6419FACEE500B722EC /* EDOpenURLCategoryExampleApp.app */;
			productType = "com.apple.product-type.application";
		};
		3BCF0D7B19FACEE500B722EC /* EDOpenURLCategoryExampleAppTests */ = {
			isa = PBXNativeTarget;
			buildConfigurationList = 3BCF0D8919FACEE500B722EC /* Build configuration list for PBXNativeTarget "EDOpenURLCategoryExampleAppTests" */;
			buildPhases = (
				3BCF0D7819FACEE500B722EC /* Sources */,
				3BCF0D7919FACEE500B722EC /* Frameworks */,
				3BCF0D7A19FACEE500B722EC /* Resources */,
			);
			buildRules = (
			);
			dependencies = (
				3BCF0D7E19FACEE500B722EC /* PBXTargetDependency */,
			);
			name = EDOpenURLCategoryExampleAppTests;
			productName = EDOpenURLCategoryExampleAppTests;
			productReference = 3BCF0D7C19FACEE500B722EC /* EDOpenURLCategoryExampleAppTests.xctest */;
			productType = "com.apple.product-type.bundle.unit-test";
		};
		6003F5AD195388D20070C39A /* EDOpenURLCategory */ = {
			isa = PBXNativeTarget;
			buildConfigurationList = 6003F5C2195388D20070C39A /* Build configuration list for PBXNativeTarget "EDOpenURLCategory" */;
			buildPhases = (
				B2EBA43ACCE6E47F260C1BD4 /* Check Pods Manifest.lock */,
				6003F5AA195388D20070C39A /* Sources */,
				6003F5AB195388D20070C39A /* Frameworks */,
				6003F5AC195388D20070C39A /* Resources */,
				11718F02A0318E4F0F21336A /* Copy Pods Resources */,
				3BCF0D2A19FAC27F00B722EC /* Headers */,
			);
			buildRules = (
			);
			dependencies = (
			);
			name = EDOpenURLCategory;
			productName = EDOpenURLCategoryTests;
			productReference = 6003F5AE195388D20070C39A /* Tests.xctest */;
			productType = "com.apple.product-type.bundle.unit-test";
		};
/* End PBXNativeTarget section */

/* Begin PBXProject section */
		6003F582195388D10070C39A /* Project object */ = {
			isa = PBXProject;
			attributes = {
				CLASSPREFIX = ED;
				LastUpgradeCheck = 0510;
				ORGANIZATIONNAME = "Martin Kim Dung-Pham";
				TargetAttributes = {
					3BCF0D6319FACEE500B722EC = {
						CreatedOnToolsVersion = 6.0.1;
					};
					3BCF0D7B19FACEE500B722EC = {
						CreatedOnToolsVersion = 6.0.1;
						TestTargetID = 3BCF0D6319FACEE500B722EC;
					};
					6003F5AD195388D20070C39A = {
						TestTargetID = 6003F589195388D20070C39A;
					};
				};
			};
			buildConfigurationList = 6003F585195388D10070C39A /* Build configuration list for PBXProject "EDOpenURLCategory" */;
			compatibilityVersion = "Xcode 3.2";
			developmentRegion = English;
			hasScannedForEncodings = 0;
			knownRegions = (
				en,
				Base,
			);
			mainGroup = 6003F581195388D10070C39A;
			productRefGroup = 6003F58B195388D20070C39A /* Products */;
			projectDirPath = "";
			projectRoot = "";
			targets = (
				3BCF0D6319FACEE500B722EC /* EDOpenURLCategoryExampleApp */,
				6003F5AD195388D20070C39A /* EDOpenURLCategory */,
				3BCF0D7B19FACEE500B722EC /* EDOpenURLCategoryExampleAppTests */,
			);
		};
/* End PBXProject section */

/* Begin PBXResourcesBuildPhase section */
		3BCF0D6219FACEE500B722EC /* Resources */ = {
			isa = PBXResourcesBuildPhase;
			buildActionMask = 2147483647;
			files = (
				3BCF0D7219FACEE500B722EC /* Main.storyboard in Resources */,
				3BCF0D7719FACEE500B722EC /* LaunchScreen.xib in Resources */,
				3BCF0D7419FACEE500B722EC /* Images.xcassets in Resources */,
			);
			runOnlyForDeploymentPostprocessing = 0;
		};
		3BCF0D7A19FACEE500B722EC /* Resources */ = {
			isa = PBXResourcesBuildPhase;
			buildActionMask = 2147483647;
			files = (
			);
			runOnlyForDeploymentPostprocessing = 0;
		};
		6003F5AC195388D20070C39A /* Resources */ = {
			isa = PBXResourcesBuildPhase;
			buildActionMask = 2147483647;
			files = (
				6003F5BA195388D20070C39A /* InfoPlist.strings in Resources */,
			);
			runOnlyForDeploymentPostprocessing = 0;
		};
/* End PBXResourcesBuildPhase section */

/* Begin PBXShellScriptBuildPhase section */
		11718F02A0318E4F0F21336A /* Copy Pods Resources */ = {
			isa = PBXShellScriptBuildPhase;
			buildActionMask = 2147483647;
			files = (
			);
			inputPaths = (
			);
			name = "Copy Pods Resources";
			outputPaths = (
			);
			runOnlyForDeploymentPostprocessing = 0;
			shellPath = /bin/sh;
			shellScript = "\"${SRCROOT}/Pods/Target Support Files/Pods-EDOpenURLCategory/Pods-EDOpenURLCategory-resources.sh\"\n";
			showEnvVarsInLog = 0;
		};
		B2EBA43ACCE6E47F260C1BD4 /* Check Pods Manifest.lock */ = {
			isa = PBXShellScriptBuildPhase;
			buildActionMask = 2147483647;
			files = (
			);
			inputPaths = (
			);
			name = "Check Pods Manifest.lock";
			outputPaths = (
			);
			runOnlyForDeploymentPostprocessing = 0;
			shellPath = /bin/sh;
			shellScript = "diff \"${PODS_ROOT}/../Podfile.lock\" \"${PODS_ROOT}/Manifest.lock\" > /dev/null\nif [[ $? != 0 ]] ; then\n    cat << EOM\nerror: The sandbox is not in sync with the Podfile.lock. Run 'pod install' or update your CocoaPods installation.\nEOM\n    exit 1\nfi\n";
			showEnvVarsInLog = 0;
		};
		CA8BA8C2900461976FB48656 /* Copy Pods Resources */ = {
			isa = PBXShellScriptBuildPhase;
			buildActionMask = 2147483647;
			files = (
			);
			inputPaths = (
			);
			name = "Copy Pods Resources";
			outputPaths = (
			);
			runOnlyForDeploymentPostprocessing = 0;
			shellPath = /bin/sh;
			shellScript = "\"${SRCROOT}/Pods/Target Support Files/Pods-EDOpenURLCategoryExampleApp/Pods-EDOpenURLCategoryExampleApp-resources.sh\"\n";
			showEnvVarsInLog = 0;
		};
		EF52474E032A84D775746686 /* Check Pods Manifest.lock */ = {
			isa = PBXShellScriptBuildPhase;
			buildActionMask = 2147483647;
			files = (
			);
			inputPaths = (
			);
			name = "Check Pods Manifest.lock";
			outputPaths = (
			);
			runOnlyForDeploymentPostprocessing = 0;
			shellPath = /bin/sh;
			shellScript = "diff \"${PODS_ROOT}/../Podfile.lock\" \"${PODS_ROOT}/Manifest.lock\" > /dev/null\nif [[ $? != 0 ]] ; then\n    cat << EOM\nerror: The sandbox is not in sync with the Podfile.lock. Run 'pod install' or update your CocoaPods installation.\nEOM\n    exit 1\nfi\n";
			showEnvVarsInLog = 0;
		};
/* End PBXShellScriptBuildPhase section */

/* Begin PBXSourcesBuildPhase section */
		3BCF0D6019FACEE500B722EC /* Sources */ = {
			isa = PBXSourcesBuildPhase;
			buildActionMask = 2147483647;
			files = (
				3BCF0D6F19FACEE500B722EC /* ViewController.m in Sources */,
				3BCF0D6C19FACEE500B722EC /* AppDelegate.m in Sources */,
				3BCF0D6919FACEE500B722EC /* main.m in Sources */,
			);
			runOnlyForDeploymentPostprocessing = 0;
		};
		3BCF0D7819FACEE500B722EC /* Sources */ = {
			isa = PBXSourcesBuildPhase;
			buildActionMask = 2147483647;
			files = (
				3BCF0D8F19FAD4E000B722EC /* EDOpenURLCategoryTests.m in Sources */,
				3BCF0D8319FACEE500B722EC /* EDOpenURLCategoryExampleAppTests.m in Sources */,
			);
			runOnlyForDeploymentPostprocessing = 0;
		};
		6003F5AA195388D20070C39A /* Sources */ = {
			isa = PBXSourcesBuildPhase;
			buildActionMask = 2147483647;
			files = (
			);
			runOnlyForDeploymentPostprocessing = 0;
		};
/* End PBXSourcesBuildPhase section */

/* Begin PBXTargetDependency section */
		3BCF0D7E19FACEE500B722EC /* PBXTargetDependency */ = {
			isa = PBXTargetDependency;
			target = 3BCF0D6319FACEE500B722EC /* EDOpenURLCategoryExampleApp */;
			targetProxy = 3BCF0D7D19FACEE500B722EC /* PBXContainerItemProxy */;
		};
/* End PBXTargetDependency section */

/* Begin PBXVariantGroup section */
		3BCF0D7019FACEE500B722EC /* Main.storyboard */ = {
			isa = PBXVariantGroup;
			children = (
				3BCF0D7119FACEE500B722EC /* Base */,
			);
			name = Main.storyboard;
			sourceTree = "<group>";
		};
		3BCF0D7519FACEE500B722EC /* LaunchScreen.xib */ = {
			isa = PBXVariantGroup;
			children = (
				3BCF0D7619FACEE500B722EC /* Base */,
			);
			name = LaunchScreen.xib;
			sourceTree = "<group>";
		};
		6003F5B8195388D20070C39A /* InfoPlist.strings */ = {
			isa = PBXVariantGroup;
			children = (
				6003F5B9195388D20070C39A /* en */,
			);
			name = InfoPlist.strings;
			sourceTree = "<group>";
		};
/* End PBXVariantGroup section */

/* Begin XCBuildConfiguration section */
		3BCF0D8419FACEE500B722EC /* Debug */ = {
			isa = XCBuildConfiguration;
			baseConfigurationReference = CD3DB0E25CEA05DA9EAEDABE /* Pods-EDOpenURLCategoryExampleApp.debug.xcconfig */;
			buildSettings = {
				ASSETCATALOG_COMPILER_APPICON_NAME = AppIcon;
				CLANG_WARN_UNREACHABLE_CODE = YES;
				ENABLE_STRICT_OBJC_MSGSEND = YES;
				GCC_PREPROCESSOR_DEFINITIONS = (
					"DEBUG=1",
					"$(inherited)",
				);
				INFOPLIST_FILE = EDOpenURLCategoryExampleApp/Info.plist;
				IPHONEOS_DEPLOYMENT_TARGET = 8.0;
				LD_RUNPATH_SEARCH_PATHS = "$(inherited) @executable_path/Frameworks";
				LIBRARY_SEARCH_PATHS = (
					"$(inherited)",
					"$(PROJECT_DIR)/Pods/build/Debug-iphoneos",
				);
				MTL_ENABLE_DEBUG_INFO = YES;
				PRODUCT_NAME = "$(TARGET_NAME)";
			};
			name = Debug;
		};
		3BCF0D8519FACEE500B722EC /* Release */ = {
			isa = XCBuildConfiguration;
			baseConfigurationReference = 48156E7FEEB7E16CA3EF9347 /* Pods-EDOpenURLCategoryExampleApp.release.xcconfig */;
			buildSettings = {
				ASSETCATALOG_COMPILER_APPICON_NAME = AppIcon;
				CLANG_WARN_UNREACHABLE_CODE = YES;
				ENABLE_STRICT_OBJC_MSGSEND = YES;
				INFOPLIST_FILE = EDOpenURLCategoryExampleApp/Info.plist;
				IPHONEOS_DEPLOYMENT_TARGET = 8.0;
				LD_RUNPATH_SEARCH_PATHS = "$(inherited) @executable_path/Frameworks";
				LIBRARY_SEARCH_PATHS = (
					"$(inherited)",
					"$(PROJECT_DIR)/Pods/build/Debug-iphoneos",
				);
				MTL_ENABLE_DEBUG_INFO = NO;
				PRODUCT_NAME = "$(TARGET_NAME)";
			};
			name = Release;
		};
		3BCF0D8619FACEE500B722EC /* Debug */ = {
			isa = XCBuildConfiguration;
			buildSettings = {
				BUNDLE_LOADER = "$(TEST_HOST)";
				CLANG_WARN_UNREACHABLE_CODE = YES;
				ENABLE_STRICT_OBJC_MSGSEND = YES;
				FRAMEWORK_SEARCH_PATHS = (
					"$(SDKROOT)/Developer/Library/Frameworks",
					"$(inherited)",
				);
				GCC_PREPROCESSOR_DEFINITIONS = (
					"DEBUG=1",
					"$(inherited)",
				);
				INFOPLIST_FILE = EDOpenURLCategoryExampleAppTests/Info.plist;
				IPHONEOS_DEPLOYMENT_TARGET = 8.0;
				LD_RUNPATH_SEARCH_PATHS = "$(inherited) @executable_path/Frameworks @loader_path/Frameworks";
				MTL_ENABLE_DEBUG_INFO = YES;
				PRODUCT_NAME = "$(TARGET_NAME)";
				TEST_HOST = "$(BUILT_PRODUCTS_DIR)/EDOpenURLCategoryExampleApp.app/EDOpenURLCategoryExampleApp";
			};
			name = Debug;
		};
		3BCF0D8719FACEE500B722EC /* Release */ = {
			isa = XCBuildConfiguration;
			buildSettings = {
				BUNDLE_LOADER = "$(TEST_HOST)";
				CLANG_WARN_UNREACHABLE_CODE = YES;
				ENABLE_STRICT_OBJC_MSGSEND = YES;
				FRAMEWORK_SEARCH_PATHS = (
					"$(SDKROOT)/Developer/Library/Frameworks",
					"$(inherited)",
				);
				INFOPLIST_FILE = EDOpenURLCategoryExampleAppTests/Info.plist;
				IPHONEOS_DEPLOYMENT_TARGET = 8.0;
				LD_RUNPATH_SEARCH_PATHS = "$(inherited) @executable_path/Frameworks @loader_path/Frameworks";
				MTL_ENABLE_DEBUG_INFO = NO;
				PRODUCT_NAME = "$(TARGET_NAME)";
				TEST_HOST = "$(BUILT_PRODUCTS_DIR)/EDOpenURLCategoryExampleApp.app/EDOpenURLCategoryExampleApp";
			};
			name = Release;
		};
		6003F5BD195388D20070C39A /* Debug */ = {
			isa = XCBuildConfiguration;
			buildSettings = {
				ALWAYS_SEARCH_USER_PATHS = NO;
				CLANG_CXX_LANGUAGE_STANDARD = "gnu++0x";
				CLANG_CXX_LIBRARY = "libc++";
				CLANG_ENABLE_MODULES = YES;
				CLANG_ENABLE_OBJC_ARC = YES;
				CLANG_WARN_BOOL_CONVERSION = YES;
				CLANG_WARN_CONSTANT_CONVERSION = YES;
				CLANG_WARN_DIRECT_OBJC_ISA_USAGE = YES_ERROR;
				CLANG_WARN_EMPTY_BODY = YES;
				CLANG_WARN_ENUM_CONVERSION = YES;
				CLANG_WARN_INT_CONVERSION = YES;
				CLANG_WARN_OBJC_ROOT_CLASS = YES_ERROR;
				CLANG_WARN__DUPLICATE_METHOD_MATCH = YES;
				"CODE_SIGN_IDENTITY[sdk=iphoneos*]" = "iPhone Developer";
				COPY_PHASE_STRIP = NO;
				GCC_C_LANGUAGE_STANDARD = gnu99;
				GCC_DYNAMIC_NO_PIC = NO;
				GCC_OPTIMIZATION_LEVEL = 0;
				GCC_PREPROCESSOR_DEFINITIONS = (
					"DEBUG=1",
					"$(inherited)",
				);
				GCC_SYMBOLS_PRIVATE_EXTERN = NO;
				GCC_WARN_64_TO_32_BIT_CONVERSION = YES;
				GCC_WARN_ABOUT_RETURN_TYPE = YES_ERROR;
				GCC_WARN_UNDECLARED_SELECTOR = YES;
				GCC_WARN_UNINITIALIZED_AUTOS = YES_AGGRESSIVE;
				GCC_WARN_UNUSED_FUNCTION = YES;
				GCC_WARN_UNUSED_VARIABLE = YES;
				IPHONEOS_DEPLOYMENT_TARGET = 7.1;
				ONLY_ACTIVE_ARCH = YES;
				SDKROOT = iphoneos;
				TARGETED_DEVICE_FAMILY = "1,2";
			};
			name = Debug;
		};
		6003F5BE195388D20070C39A /* Release */ = {
			isa = XCBuildConfiguration;
			buildSettings = {
				ALWAYS_SEARCH_USER_PATHS = NO;
				CLANG_CXX_LANGUAGE_STANDARD = "gnu++0x";
				CLANG_CXX_LIBRARY = "libc++";
				CLANG_ENABLE_MODULES = YES;
				CLANG_ENABLE_OBJC_ARC = YES;
				CLANG_WARN_BOOL_CONVERSION = YES;
				CLANG_WARN_CONSTANT_CONVERSION = YES;
				CLANG_WARN_DIRECT_OBJC_ISA_USAGE = YES_ERROR;
				CLANG_WARN_EMPTY_BODY = YES;
				CLANG_WARN_ENUM_CONVERSION = YES;
				CLANG_WARN_INT_CONVERSION = YES;
				CLANG_WARN_OBJC_ROOT_CLASS = YES_ERROR;
				CLANG_WARN__DUPLICATE_METHOD_MATCH = YES;
				"CODE_SIGN_IDENTITY[sdk=iphoneos*]" = "iPhone Developer";
				COPY_PHASE_STRIP = YES;
				ENABLE_NS_ASSERTIONS = NO;
				GCC_C_LANGUAGE_STANDARD = gnu99;
				GCC_WARN_64_TO_32_BIT_CONVERSION = YES;
				GCC_WARN_ABOUT_RETURN_TYPE = YES_ERROR;
				GCC_WARN_UNDECLARED_SELECTOR = YES;
				GCC_WARN_UNINITIALIZED_AUTOS = YES_AGGRESSIVE;
				GCC_WARN_UNUSED_FUNCTION = YES;
				GCC_WARN_UNUSED_VARIABLE = YES;
				IPHONEOS_DEPLOYMENT_TARGET = 7.1;
				SDKROOT = iphoneos;
				TARGETED_DEVICE_FAMILY = "1,2";
				VALIDATE_PRODUCT = YES;
			};
			name = Release;
		};
		6003F5C3195388D20070C39A /* Debug */ = {
			isa = XCBuildConfiguration;
			baseConfigurationReference = 19369EAD5BA3D69C97CF199E /* Pods-EDOpenURLCategory.debug.xcconfig */;
			buildSettings = {
				FRAMEWORK_SEARCH_PATHS = (
					"$(SDKROOT)/Developer/Library/Frameworks",
					"$(inherited)",
					"$(DEVELOPER_FRAMEWORKS_DIR)",
				);
				GCC_PRECOMPILE_PREFIX_HEADER = YES;
				GCC_PREFIX_HEADER = "Tests/Tests-Prefix.pch";
				GCC_PREPROCESSOR_DEFINITIONS = (
					"DEBUG=1",
					"$(inherited)",
				);
				INFOPLIST_FILE = "Tests/Tests-Info.plist";
				PRODUCT_NAME = "$(TARGET_NAME)";
				TEST_HOST = "$(BUNDLE_LOADER)";
				WRAPPER_EXTENSION = xctest;
			};
			name = Debug;
		};
		6003F5C4195388D20070C39A /* Release */ = {
			isa = XCBuildConfiguration;
			baseConfigurationReference = A1A1D3EEF3DF79F502F944BF /* Pods-EDOpenURLCategory.release.xcconfig */;
			buildSettings = {
				FRAMEWORK_SEARCH_PATHS = (
					"$(SDKROOT)/Developer/Library/Frameworks",
					"$(inherited)",
					"$(DEVELOPER_FRAMEWORKS_DIR)",
				);
				GCC_PRECOMPILE_PREFIX_HEADER = YES;
				GCC_PREFIX_HEADER = "Tests/Tests-Prefix.pch";
				INFOPLIST_FILE = "Tests/Tests-Info.plist";
				PRODUCT_NAME = "$(TARGET_NAME)";
				TEST_HOST = "$(BUNDLE_LOADER)";
				WRAPPER_EXTENSION = xctest;
			};
			name = Release;
		};
/* End XCBuildConfiguration section */

/* Begin XCConfigurationList section */
		3BCF0D8819FACEE500B722EC /* Build configuration list for PBXNativeTarget "EDOpenURLCategoryExampleApp" */ = {
			isa = XCConfigurationList;
			buildConfigurations = (
				3BCF0D8419FACEE500B722EC /* Debug */,
				3BCF0D8519FACEE500B722EC /* Release */,
			);
			defaultConfigurationIsVisible = 0;
			defaultConfigurationName = Release;
		};
		3BCF0D8919FACEE500B722EC /* Build configuration list for PBXNativeTarget "EDOpenURLCategoryExampleAppTests" */ = {
			isa = XCConfigurationList;
			buildConfigurations = (
				3BCF0D8619FACEE500B722EC /* Debug */,
				3BCF0D8719FACEE500B722EC /* Release */,
			);
			defaultConfigurationIsVisible = 0;
			defaultConfigurationName = Release;
		};
		6003F585195388D10070C39A /* Build configuration list for PBXProject "EDOpenURLCategory" */ = {
			isa = XCConfigurationList;
			buildConfigurations = (
				6003F5BD195388D20070C39A /* Debug */,
				6003F5BE195388D20070C39A /* Release */,
			);
			defaultConfigurationIsVisible = 0;
			defaultConfigurationName = Release;
		};
		6003F5C2195388D20070C39A /* Build configuration list for PBXNativeTarget "EDOpenURLCategory" */ = {
			isa = XCConfigurationList;
			buildConfigurations = (
				6003F5C3195388D20070C39A /* Debug */,
				6003F5C4195388D20070C39A /* Release */,
			);
			defaultConfigurationIsVisible = 0;
			defaultConfigurationName = Release;
		};
/* End XCConfigurationList section */
	};
	rootObject = 6003F582195388D10070C39A /* Project object */;
}
